
Microsoft Visual Studio Solution File, Format Version 12.00
# Visual Studio 15
Project("{FAE04EC0-301F-11D3-BF4B-00C04F79EFBC}") = "TestProjectDobroGames", "Assembly-CSharp-firstpass.csproj", "{982AD9F7-6349-FEC2-A7F7-59B149017CF2}"
EndProject
Project("{FAE04EC0-301F-11D3-BF4B-00C04F79EFBC}") = "TestProjectDobroGames", "Assembly-CSharp.csproj", "{1280189A-9064-3A1A-80F2-09D634BEABAC}"
EndProject
Global
	GlobalSection(SolutionConfigurationPlatforms) = preSolution
		Debug|Any CPU = Debug|Any CPU
		Release|Any CPU = Release|Any CPU
	EndGlobalSection
	GlobalSection(ProjectConfigurationPlatforms) = postSolution
		{982AD9F7-6349-FEC2-A7F7-59B149017CF2}.Debug|Any CPU.ActiveCfg = Debug|Any CPU
		{982AD9F7-6349-FEC2-A7F7-59B149017CF2}.Debug|Any CPU.Build.0 = Debug|Any CPU
		{982AD9F7-6349-FEC2-A7F7-59B149017CF2}.Release|Any CPU.ActiveCfg = Release|Any CPU
		{982AD9F7-6349-FEC2-A7F7-59B149017CF2}.Release|Any CPU.Build.0 = Release|Any CPU
		{1280189A-9064-3A1A-80F2-09D634BEABAC}.Debug|Any CPU.ActiveCfg = Debug|Any CPU
		{1280189A-9064-3A1A-80F2-09D634BEABAC}.Debug|Any CPU.Build.0 = Debug|Any CPU
		{1280189A-9064-3A1A-80F2-09D634BEABAC}.Release|Any CPU.ActiveCfg = Release|Any CPU
		{1280189A-9064-3A1A-80F2-09D634BEABAC}.Release|Any CPU.Build.0 = Release|Any CPU
	EndGlobalSection
	GlobalSection(SolutionProperties) = preSolution
		HideSolutionNode = FALSE
	EndGlobalSection
EndGlobal
